{
    "_meta": {
        "hash": {
            "sha256": "aede08886d1c19da79e8859eed0dbfe7321dc873c2763cba6b9b4c3134366096"
        },
        "pipfile-spec": 6,
        "requires": {
            "python_version": "3.7"
        },
        "sources": [
            {
                "name": "pypi",
                "url": "https://pypi.org/simple",
                "verify_ssl": true
            }
        ]
    },
    "default": {},
    "develop": {
        "mypy": {
            "hashes": [
                "sha256:12d18bd7fc642c5d54b1bb62dde813a7e2ab79b32ee11ff206ac387c68fc2ad4",
                "sha256:23e24bc1683a36f39dee67d8ac74ea414654642eee26d420bada95b8ee8c9095",
                "sha256:2b38e64c52a8968df4ebcae0ddba4a54eb94d184695dd4e54e14509a9389b78c",
                "sha256:3d4f551466a76e278187ec3a5b26cfb50f72f6760b749aa00ac69a6f9c99898d",
                "sha256:53d5dacb8d844e50be698830509aa592b093547e7ab90aee63eb23db61109007",
                "sha256:56f981d246010ba21cac6b2455eaecfaf68fc8a5663d865b26c8e579c36f751d",
                "sha256:8c57f6f59f1e8479d9fc6e1bf034353e54626ed64e32394c613afc493a441dc1",
                "sha256:bbed4a593d87476b592d52867ef86da2155ccd0becf0c4c02e6567d842e43368",
                "sha256:d6ff850e2ba18b2db7704897c8f2f1384478e3b75ad292ec06196bf7794f3a40",
                "sha256:e13b1bb8785d7f785e0b88873f1c21cda58ceba9ce1153b58cbfa24b09a111d5",
                "sha256:e2b9ee6f648ce72d6741925a47c88c2391168ef973b6f74f17969450c5b1ffdd"
            ],
            "index": "pypi",
            "version": "==0.711"
        },
        "mypy-extensions": {
            "hashes": [
                "sha256:37e0e956f41369209a3d5f34580150bcacfabaa57b33a15c0b25f4b5725e0812",
                "sha256:b16cabe759f55e3409a7d231ebd2841378fb0c27a5d1994719e340e4f429ac3e"
            ],
            "version": "==0.4.1"
        },
        "typed-ast": {
            "hashes": [
                "sha256:95bd11af7eafc16e829af2d3df510cecfd4387f6453355188342c3e79a2ec87a"
            ],
            "version": "==1.4.0"
        }
    }
}
